
Microsoft Visual Studio Solution File, Format Version 12.00
# Visual Studio Version 16
VisualStudioVersion = 16.0.28809.33
MinimumVisualStudioVersion = 10.0.40219.1
Project("{2150E333-8FDC-42A3-9474-1A3956D46DE8}") = "01- Dashboard", "01- Dashboard", "{8D844474-E99F-4FE1-8461-0248A06A9EE4}"
EndProject
Project("{2150E333-8FDC-42A3-9474-1A3956D46DE8}") = "02 - Protocol", "02 - Protocol", "{7860A4E3-67E4-4A12-9DB2-68A97E0C2B50}"
EndProject
Project("{FAE04EC0-301F-11D3-BF4B-00C04F79EFBC}") = "AH.Interfaces.Dashboard", "AH.Interfaces.Dashboard\AH.Interfaces.Dashboard.csproj", "{F0DD5F06-C726-4826-BAE3-15999991A671}"
EndProject
Project("{FAE04EC0-301F-11D3-BF4B-00C04F79EFBC}") = "AH.Protocol.Library", "..\..\Framework\DOTnet\AH.Protocol.Library\AH.Protocol.Library.csproj", "{1688B16F-E5CE-4C0C-93DD-3DE64A235750}"
EndProject
Global
	GlobalSection(SolutionConfigurationPlatforms) = preSolution
		Debug|Any CPU = Debug|Any CPU
		Release|Any CPU = Release|Any CPU
	EndGlobalSection
	GlobalSection(ProjectConfigurationPlatforms) = postSolution
		{F0DD5F06-C726-4826-BAE3-15999991A671}.Debug|Any CPU.ActiveCfg = Debug|Any CPU
		{F0DD5F06-C726-4826-BAE3-15999991A671}.Debug|Any CPU.Build.0 = Debug|Any CPU
		{F0DD5F06-C726-4826-BAE3-15999991A671}.Release|Any CPU.ActiveCfg = Release|Any CPU
		{F0DD5F06-C726-4826-BAE3-15999991A671}.Release|Any CPU.Build.0 = Release|Any CPU
		{1688B16F-E5CE-4C0C-93DD-3DE64A235750}.Debug|Any CPU.ActiveCfg = Debug|Any CPU
		{1688B16F-E5CE-4C0C-93DD-3DE64A235750}.Debug|Any CPU.Build.0 = Debug|Any CPU
		{1688B16F-E5CE-4C0C-93DD-3DE64A235750}.Release|Any CPU.ActiveCfg = Release|Any CPU
		{1688B16F-E5CE-4C0C-93DD-3DE64A235750}.Release|Any CPU.Build.0 = Release|Any CPU
	EndGlobalSection
	GlobalSection(SolutionProperties) = preSolution
		HideSolutionNode = FALSE
	EndGlobalSection
	GlobalSection(NestedProjects) = preSolution
		{F0DD5F06-C726-4826-BAE3-15999991A671} = {8D844474-E99F-4FE1-8461-0248A06A9EE4}
		{1688B16F-E5CE-4C0C-93DD-3DE64A235750} = {7860A4E3-67E4-4A12-9DB2-68A97E0C2B50}
	EndGlobalSection
	GlobalSection(ExtensibilityGlobals) = postSolution
		SolutionGuid = {55E1A667-C41D-4286-AB77-0DC99BD38E1D}
	EndGlobalSection
EndGlobal
