
Microsoft Visual Studio Solution File, Format Version 12.00
# Visual Studio 14
VisualStudioVersion = 14.0.25420.1
MinimumVisualStudioVersion = 10.0.40219.1
Project("{2150E333-8FDC-42A3-9474-1A3956D46DE8}") = "02 - Simulation", "02 - Simulation", "{AF07B252-2AD8-455C-83A7-9DDEEE464BB4}"
EndProject
Project("{8BB2217D-0F2D-49D1-97BC-3654ED321F3B}") = "AH.Module.Simulation", "..\AH.Module.Simulation\AH.Module.Simulation.xproj", "{CB876E1E-B3A2-40DB-AB2C-A2459C851131}"
EndProject
Project("{2150E333-8FDC-42A3-9474-1A3956D46DE8}") = "01 - Protocol", "01 - Protocol", "{5BB50C4B-86DE-47AD-991D-09CF8D4A86D8}"
EndProject
Project("{2150E333-8FDC-42A3-9474-1A3956D46DE8}") = "01 - AutoHome", "01 - AutoHome", "{FA9D9A71-5AA9-43E3-BE81-F86854BE1A6B}"
EndProject
Project("{2150E333-8FDC-42A3-9474-1A3956D46DE8}") = "02 - Lan", "02 - Lan", "{84F5EF74-A15E-4F0F-99E2-90E72CDEB30A}"
EndProject
Project("{8BB2217D-0F2D-49D1-97BC-3654ED321F3B}") = "AH.Protocol.Library", "..\..\..\Communication\Protocol\Library\AH.Protocol.Library\AH.Protocol.Library.xproj", "{AD4BB28D-3E06-4EEE-9151-5805965A595C}"
EndProject
Project("{8BB2217D-0F2D-49D1-97BC-3654ED321F3B}") = "AH.Protocol.Lan", "..\..\..\Communication\Lan\AH.Protocol.Lan\AH.Protocol.Lan.xproj", "{B421A53B-1A5F-4BDE-90CF-61534A8F71E6}"
EndProject
Project("{2150E333-8FDC-42A3-9474-1A3956D46DE8}") = "Solution Items", "Solution Items", "{67CCFC0B-8ACF-4371-8719-F28BDFD0A044}"
	ProjectSection(SolutionItems) = preProject
		..\global.json = ..\global.json
	EndProjectSection
EndProject
Global
	GlobalSection(SolutionConfigurationPlatforms) = preSolution
		Debug|Any CPU = Debug|Any CPU
		Release|Any CPU = Release|Any CPU
	EndGlobalSection
	GlobalSection(ProjectConfigurationPlatforms) = postSolution
		{CB876E1E-B3A2-40DB-AB2C-A2459C851131}.Debug|Any CPU.ActiveCfg = Debug|Any CPU
		{CB876E1E-B3A2-40DB-AB2C-A2459C851131}.Debug|Any CPU.Build.0 = Debug|Any CPU
		{CB876E1E-B3A2-40DB-AB2C-A2459C851131}.Release|Any CPU.ActiveCfg = Release|Any CPU
		{CB876E1E-B3A2-40DB-AB2C-A2459C851131}.Release|Any CPU.Build.0 = Release|Any CPU
		{AD4BB28D-3E06-4EEE-9151-5805965A595C}.Debug|Any CPU.ActiveCfg = Debug|Any CPU
		{AD4BB28D-3E06-4EEE-9151-5805965A595C}.Debug|Any CPU.Build.0 = Debug|Any CPU
		{AD4BB28D-3E06-4EEE-9151-5805965A595C}.Release|Any CPU.ActiveCfg = Release|Any CPU
		{AD4BB28D-3E06-4EEE-9151-5805965A595C}.Release|Any CPU.Build.0 = Release|Any CPU
		{B421A53B-1A5F-4BDE-90CF-61534A8F71E6}.Debug|Any CPU.ActiveCfg = Debug|Any CPU
		{B421A53B-1A5F-4BDE-90CF-61534A8F71E6}.Debug|Any CPU.Build.0 = Debug|Any CPU
		{B421A53B-1A5F-4BDE-90CF-61534A8F71E6}.Release|Any CPU.ActiveCfg = Release|Any CPU
		{B421A53B-1A5F-4BDE-90CF-61534A8F71E6}.Release|Any CPU.Build.0 = Release|Any CPU
	EndGlobalSection
	GlobalSection(SolutionProperties) = preSolution
		HideSolutionNode = FALSE
	EndGlobalSection
	GlobalSection(NestedProjects) = preSolution
		{CB876E1E-B3A2-40DB-AB2C-A2459C851131} = {AF07B252-2AD8-455C-83A7-9DDEEE464BB4}
		{FA9D9A71-5AA9-43E3-BE81-F86854BE1A6B} = {5BB50C4B-86DE-47AD-991D-09CF8D4A86D8}
		{84F5EF74-A15E-4F0F-99E2-90E72CDEB30A} = {5BB50C4B-86DE-47AD-991D-09CF8D4A86D8}
		{AD4BB28D-3E06-4EEE-9151-5805965A595C} = {FA9D9A71-5AA9-43E3-BE81-F86854BE1A6B}
		{B421A53B-1A5F-4BDE-90CF-61534A8F71E6} = {84F5EF74-A15E-4F0F-99E2-90E72CDEB30A}
	EndGlobalSection
EndGlobal
