
Microsoft Visual Studio Solution File, Format Version 12.00
# Visual Studio 15
VisualStudioVersion = 15.0.28307.421
MinimumVisualStudioVersion = 10.0.40219.1
Project("{2150E333-8FDC-42A3-9474-1A3956D46DE8}") = "01 - Simulation", "01 - Simulation", "{386141E9-A132-4C9F-B815-A35A0ADACCF1}"
EndProject
Project("{2150E333-8FDC-42A3-9474-1A3956D46DE8}") = "03 - Protocol", "03 - Protocol", "{E011E70C-9BB7-4125-95FD-7544757D9785}"
EndProject
Project("{FAE04EC0-301F-11D3-BF4B-00C04F79EFBC}") = "AH.Protocol.Library", "..\..\Framework\DOTnet\AH.Protocol.Library\AH.Protocol.Library.csproj", "{B4AA6E2C-9DFC-4DD8-83C5-CD9924C9148E}"
EndProject
Project("{FAE04EC0-301F-11D3-BF4B-00C04F79EFBC}") = "AH.Module.Simulation", "AH.Module.Simulation\AH.Module.Simulation.csproj", "{10E38F5D-D515-479E-A2CE-D7FFE5CF99AE}"
EndProject
Project("{2150E333-8FDC-42A3-9474-1A3956D46DE8}") = "02 - Simulation tests", "02 - Simulation tests", "{9C848DC6-68DE-40A7-8E26-C4CA138F8BE5}"
EndProject
Project("{FAE04EC0-301F-11D3-BF4B-00C04F79EFBC}") = "AH.Module.Simulation.Tests", "AH.Module.Simulation.Tests\AH.Module.Simulation.Tests.csproj", "{A54C38CC-3251-4AB6-B73C-C0F6AA7DB18A}"
EndProject
Global
	GlobalSection(SolutionConfigurationPlatforms) = preSolution
		Debug|Any CPU = Debug|Any CPU
		Release|Any CPU = Release|Any CPU
	EndGlobalSection
	GlobalSection(ProjectConfigurationPlatforms) = postSolution
		{B4AA6E2C-9DFC-4DD8-83C5-CD9924C9148E}.Debug|Any CPU.ActiveCfg = Debug|Any CPU
		{B4AA6E2C-9DFC-4DD8-83C5-CD9924C9148E}.Debug|Any CPU.Build.0 = Debug|Any CPU
		{B4AA6E2C-9DFC-4DD8-83C5-CD9924C9148E}.Release|Any CPU.ActiveCfg = Release|Any CPU
		{B4AA6E2C-9DFC-4DD8-83C5-CD9924C9148E}.Release|Any CPU.Build.0 = Release|Any CPU
		{10E38F5D-D515-479E-A2CE-D7FFE5CF99AE}.Debug|Any CPU.ActiveCfg = Debug|Any CPU
		{10E38F5D-D515-479E-A2CE-D7FFE5CF99AE}.Debug|Any CPU.Build.0 = Debug|Any CPU
		{10E38F5D-D515-479E-A2CE-D7FFE5CF99AE}.Release|Any CPU.ActiveCfg = Release|Any CPU
		{10E38F5D-D515-479E-A2CE-D7FFE5CF99AE}.Release|Any CPU.Build.0 = Release|Any CPU
		{A54C38CC-3251-4AB6-B73C-C0F6AA7DB18A}.Debug|Any CPU.ActiveCfg = Debug|Any CPU
		{A54C38CC-3251-4AB6-B73C-C0F6AA7DB18A}.Debug|Any CPU.Build.0 = Debug|Any CPU
		{A54C38CC-3251-4AB6-B73C-C0F6AA7DB18A}.Release|Any CPU.ActiveCfg = Release|Any CPU
		{A54C38CC-3251-4AB6-B73C-C0F6AA7DB18A}.Release|Any CPU.Build.0 = Release|Any CPU
	EndGlobalSection
	GlobalSection(SolutionProperties) = preSolution
		HideSolutionNode = FALSE
	EndGlobalSection
	GlobalSection(NestedProjects) = preSolution
		{B4AA6E2C-9DFC-4DD8-83C5-CD9924C9148E} = {E011E70C-9BB7-4125-95FD-7544757D9785}
		{10E38F5D-D515-479E-A2CE-D7FFE5CF99AE} = {386141E9-A132-4C9F-B815-A35A0ADACCF1}
		{A54C38CC-3251-4AB6-B73C-C0F6AA7DB18A} = {9C848DC6-68DE-40A7-8E26-C4CA138F8BE5}
	EndGlobalSection
	GlobalSection(ExtensibilityGlobals) = postSolution
		SolutionGuid = {32BAC33A-4F23-4D07-A59B-C50D83832168}
	EndGlobalSection
EndGlobal
