
Microsoft Visual Studio Solution File, Format Version 12.00
# Visual Studio 14
VisualStudioVersion = 14.0.25420.1
MinimumVisualStudioVersion = 10.0.40219.1
Project("{2150E333-8FDC-42A3-9474-1A3956D46DE8}") = "01 - Android", "01 - Android", "{4A2FD207-37CD-4025-A232-434469B51B63}"
EndProject
Project("{2150E333-8FDC-42A3-9474-1A3956D46DE8}") = "02 - Protocol", "02 - Protocol", "{323E3BDA-DCBD-4575-8227-88D0FD3233FF}"
EndProject
Project("{FAE04EC0-301F-11D3-BF4B-00C04F79EFBC}") = "AH.Protocol.Library", "..\..\..\Protocol\AH.Protocol.Library\AH.Protocol.Library.csproj", "{1688B16F-E5CE-4C0C-93DD-3DE64A235750}"
EndProject
Project("{FAE04EC0-301F-11D3-BF4B-00C04F79EFBC}") = "AH.Interface.Android", "..\AH.Interface.Android\AH.Interface.Android.csproj", "{93D9ECCB-3A7F-4083-AFF0-1946417A075A}"
EndProject
Global
	GlobalSection(SolutionConfigurationPlatforms) = preSolution
		Debug|Any CPU = Debug|Any CPU
		Release|Any CPU = Release|Any CPU
	EndGlobalSection
	GlobalSection(ProjectConfigurationPlatforms) = postSolution
		{1688B16F-E5CE-4C0C-93DD-3DE64A235750}.Debug|Any CPU.ActiveCfg = Debug|Any CPU
		{1688B16F-E5CE-4C0C-93DD-3DE64A235750}.Debug|Any CPU.Build.0 = Debug|Any CPU
		{1688B16F-E5CE-4C0C-93DD-3DE64A235750}.Release|Any CPU.ActiveCfg = Release|Any CPU
		{1688B16F-E5CE-4C0C-93DD-3DE64A235750}.Release|Any CPU.Build.0 = Release|Any CPU
		{93D9ECCB-3A7F-4083-AFF0-1946417A075A}.Debug|Any CPU.ActiveCfg = Debug|Any CPU
		{93D9ECCB-3A7F-4083-AFF0-1946417A075A}.Debug|Any CPU.Build.0 = Debug|Any CPU
		{93D9ECCB-3A7F-4083-AFF0-1946417A075A}.Debug|Any CPU.Deploy.0 = Debug|Any CPU
		{93D9ECCB-3A7F-4083-AFF0-1946417A075A}.Release|Any CPU.ActiveCfg = Release|Any CPU
		{93D9ECCB-3A7F-4083-AFF0-1946417A075A}.Release|Any CPU.Build.0 = Release|Any CPU
		{93D9ECCB-3A7F-4083-AFF0-1946417A075A}.Release|Any CPU.Deploy.0 = Release|Any CPU
	EndGlobalSection
	GlobalSection(SolutionProperties) = preSolution
		HideSolutionNode = FALSE
	EndGlobalSection
	GlobalSection(NestedProjects) = preSolution
		{1688B16F-E5CE-4C0C-93DD-3DE64A235750} = {323E3BDA-DCBD-4575-8227-88D0FD3233FF}
		{93D9ECCB-3A7F-4083-AFF0-1946417A075A} = {4A2FD207-37CD-4025-A232-434469B51B63}
	EndGlobalSection
EndGlobal
